
Microsoft Visual Studio Solution File, Format Version 12.00
# Visual Studio 15
VisualStudioVersion = 15.0.26124.0
MinimumVisualStudioVersion = 15.0.26124.0
Project("{2150E333-8FDC-42A3-9474-1A3956D46DE8}") = "Src", "Src", "{227F914F-A297-428D-B1C5-FAB6804BA911}"
EndProject
Project("{2150E333-8FDC-42A3-9474-1A3956D46DE8}") = "Test", "Test", "{F4B54782-A8E7-4144-AAF7-999F69DFCE60}"
EndProject
Project("{2150E333-8FDC-42A3-9474-1A3956D46DE8}") = "Core", "Core", "{85CD1428-671E-49EB-818D-6EAB1E89D5AC}"
EndProject
Project("{2150E333-8FDC-42A3-9474-1A3956D46DE8}") = "Infrastructure", "Infrastructure", "{19711B30-5A90-4EED-836A-9608252E6C6E}"
EndProject
Project("{2150E333-8FDC-42A3-9474-1A3956D46DE8}") = "Presentation", "Presentation", "{DE070CFD-192C-4999-A18F-4FD6611025A7}"
EndProject
Project("{FAE04EC0-301F-11D3-BF4B-00C04F79EFBC}") = "Domain.UnitTests", "Test\Domain.UnitTests\Domain.UnitTests.csproj", "{67BCAFC9-6DB7-4980-A425-62B805E74411}"
EndProject
Project("{FAE04EC0-301F-11D3-BF4B-00C04F79EFBC}") = "Application", "Src\Core\Application\Application.csproj", "{2438D0BC-50B7-429B-B107-1DFCC90AE92B}"
EndProject
Project("{FAE04EC0-301F-11D3-BF4B-00C04F79EFBC}") = "Domain", "Src\Core\Domain\Domain.csproj", "{24D63972-CA9E-48AB-AFDB-94F8128AE5E7}"
EndProject
Global
	GlobalSection(SolutionConfigurationPlatforms) = preSolution
		Debug|Any CPU = Debug|Any CPU
		Debug|x64 = Debug|x64
		Debug|x86 = Debug|x86
		Release|Any CPU = Release|Any CPU
		Release|x64 = Release|x64
		Release|x86 = Release|x86
	EndGlobalSection
	GlobalSection(SolutionProperties) = preSolution
		HideSolutionNode = FALSE
	EndGlobalSection
	GlobalSection(ProjectConfigurationPlatforms) = postSolution
		{67BCAFC9-6DB7-4980-A425-62B805E74411}.Debug|Any CPU.ActiveCfg = Debug|Any CPU
		{67BCAFC9-6DB7-4980-A425-62B805E74411}.Debug|Any CPU.Build.0 = Debug|Any CPU
		{67BCAFC9-6DB7-4980-A425-62B805E74411}.Debug|x64.ActiveCfg = Debug|Any CPU
		{67BCAFC9-6DB7-4980-A425-62B805E74411}.Debug|x64.Build.0 = Debug|Any CPU
		{67BCAFC9-6DB7-4980-A425-62B805E74411}.Debug|x86.ActiveCfg = Debug|Any CPU
		{67BCAFC9-6DB7-4980-A425-62B805E74411}.Debug|x86.Build.0 = Debug|Any CPU
		{67BCAFC9-6DB7-4980-A425-62B805E74411}.Release|Any CPU.ActiveCfg = Release|Any CPU
		{67BCAFC9-6DB7-4980-A425-62B805E74411}.Release|Any CPU.Build.0 = Release|Any CPU
		{67BCAFC9-6DB7-4980-A425-62B805E74411}.Release|x64.ActiveCfg = Release|Any CPU
		{67BCAFC9-6DB7-4980-A425-62B805E74411}.Release|x64.Build.0 = Release|Any CPU
		{67BCAFC9-6DB7-4980-A425-62B805E74411}.Release|x86.ActiveCfg = Release|Any CPU
		{67BCAFC9-6DB7-4980-A425-62B805E74411}.Release|x86.Build.0 = Release|Any CPU
		{2438D0BC-50B7-429B-B107-1DFCC90AE92B}.Debug|Any CPU.ActiveCfg = Debug|Any CPU
		{2438D0BC-50B7-429B-B107-1DFCC90AE92B}.Debug|Any CPU.Build.0 = Debug|Any CPU
		{2438D0BC-50B7-429B-B107-1DFCC90AE92B}.Debug|x64.ActiveCfg = Debug|Any CPU
		{2438D0BC-50B7-429B-B107-1DFCC90AE92B}.Debug|x64.Build.0 = Debug|Any CPU
		{2438D0BC-50B7-429B-B107-1DFCC90AE92B}.Debug|x86.ActiveCfg = Debug|Any CPU
		{2438D0BC-50B7-429B-B107-1DFCC90AE92B}.Debug|x86.Build.0 = Debug|Any CPU
		{2438D0BC-50B7-429B-B107-1DFCC90AE92B}.Release|Any CPU.ActiveCfg = Release|Any CPU
		{2438D0BC-50B7-429B-B107-1DFCC90AE92B}.Release|Any CPU.Build.0 = Release|Any CPU
		{2438D0BC-50B7-429B-B107-1DFCC90AE92B}.Release|x64.ActiveCfg = Release|Any CPU
		{2438D0BC-50B7-429B-B107-1DFCC90AE92B}.Release|x64.Build.0 = Release|Any CPU
		{2438D0BC-50B7-429B-B107-1DFCC90AE92B}.Release|x86.ActiveCfg = Release|Any CPU
		{2438D0BC-50B7-429B-B107-1DFCC90AE92B}.Release|x86.Build.0 = Release|Any CPU
		{24D63972-CA9E-48AB-AFDB-94F8128AE5E7}.Debug|Any CPU.ActiveCfg = Debug|Any CPU
		{24D63972-CA9E-48AB-AFDB-94F8128AE5E7}.Debug|Any CPU.Build.0 = Debug|Any CPU
		{24D63972-CA9E-48AB-AFDB-94F8128AE5E7}.Debug|x64.ActiveCfg = Debug|Any CPU
		{24D63972-CA9E-48AB-AFDB-94F8128AE5E7}.Debug|x64.Build.0 = Debug|Any CPU
		{24D63972-CA9E-48AB-AFDB-94F8128AE5E7}.Debug|x86.ActiveCfg = Debug|Any CPU
		{24D63972-CA9E-48AB-AFDB-94F8128AE5E7}.Debug|x86.Build.0 = Debug|Any CPU
		{24D63972-CA9E-48AB-AFDB-94F8128AE5E7}.Release|Any CPU.ActiveCfg = Release|Any CPU
		{24D63972-CA9E-48AB-AFDB-94F8128AE5E7}.Release|Any CPU.Build.0 = Release|Any CPU
		{24D63972-CA9E-48AB-AFDB-94F8128AE5E7}.Release|x64.ActiveCfg = Release|Any CPU
		{24D63972-CA9E-48AB-AFDB-94F8128AE5E7}.Release|x64.Build.0 = Release|Any CPU
		{24D63972-CA9E-48AB-AFDB-94F8128AE5E7}.Release|x86.ActiveCfg = Release|Any CPU
		{24D63972-CA9E-48AB-AFDB-94F8128AE5E7}.Release|x86.Build.0 = Release|Any CPU
	EndGlobalSection
	GlobalSection(NestedProjects) = preSolution
		{85CD1428-671E-49EB-818D-6EAB1E89D5AC} = {227F914F-A297-428D-B1C5-FAB6804BA911}
		{19711B30-5A90-4EED-836A-9608252E6C6E} = {227F914F-A297-428D-B1C5-FAB6804BA911}
		{DE070CFD-192C-4999-A18F-4FD6611025A7} = {227F914F-A297-428D-B1C5-FAB6804BA911}
		{67BCAFC9-6DB7-4980-A425-62B805E74411} = {F4B54782-A8E7-4144-AAF7-999F69DFCE60}
		{2438D0BC-50B7-429B-B107-1DFCC90AE92B} = {85CD1428-671E-49EB-818D-6EAB1E89D5AC}
		{24D63972-CA9E-48AB-AFDB-94F8128AE5E7} = {85CD1428-671E-49EB-818D-6EAB1E89D5AC}
	EndGlobalSection
EndGlobal
